// !$*UTF8*$!
{
	archiveVersion = 1;
	classes = {
	};
	objectVersion = 48;
	objects = {

/* Begin PBXBuildFile section */
		45DD8BB62061710C00BBDABE /* main.cpp in Sources */ = {isa = PBXBuildFile; fileRef = 45DD8BB52061710C00BBDABE /* main.cpp */; };
		45DD8BBE2061729700BBDABE /* light_source.cpp in Sources */ = {isa = PBXBuildFile; fileRef = 45DD8BBC2061729700BBDABE /* light_source.cpp */; };
		45DD8BC1206172F400BBDABE /* raytracer.cpp in Sources */ = {isa = PBXBuildFile; fileRef = 45DD8BBF206172F400BBDABE /* raytracer.cpp */; };
		45DD8BC42061733E00BBDABE /* bmp_io.cpp in Sources */ = {isa = PBXBuildFile; fileRef = 45DD8BC22061733E00BBDABE /* bmp_io.cpp */; };
		45DD8BC7206173A800BBDABE /* scene_object.cpp in Sources */ = {isa = PBXBuildFile; fileRef = 45DD8BC5206173A800BBDABE /* scene_object.cpp */; };
		45DD8BCA206173D900BBDABE /* util.cpp in Sources */ = {isa = PBXBuildFile; fileRef = 45DD8BC8206173D900BBDABE /* util.cpp */; };
/* End PBXBuildFile section */

/* Begin PBXCopyFilesBuildPhase section */
		45DD8BB02061710C00BBDABE /* CopyFiles */ = {
			isa = PBXCopyFilesBuildPhase;
			buildActionMask = 2147483647;
			dstPath = /usr/share/man/man1/;
			dstSubfolderSpec = 0;
			files = (
			);
			runOnlyForDeploymentPostprocessing = 1;
		};
/* End PBXCopyFilesBuildPhase section */

/* Begin PBXFileReference section */
		45DD8BB22061710C00BBDABE /* myraytracer */ = {isa = PBXFileReference; explicitFileType = "compiled.mach-o.executable"; includeInIndex = 0; path = myraytracer; sourceTree = BUILT_PRODUCTS_DIR; };
		45DD8BB52061710C00BBDABE /* main.cpp */ = {isa = PBXFileReference; lastKnownFileType = sourcecode.cpp.cpp; path = main.cpp; sourceTree = "<group>"; };
		45DD8BBC2061729700BBDABE /* light_source.cpp */ = {isa = PBXFileReference; lastKnownFileType = sourcecode.cpp.cpp; path = light_source.cpp; sourceTree = "<group>"; };
		45DD8BBD2061729700BBDABE /* light_source.h */ = {isa = PBXFileReference; lastKnownFileType = sourcecode.c.h; path = light_source.h; sourceTree = "<group>"; };
		45DD8BBF206172F400BBDABE /* raytracer.cpp */ = {isa = PBXFileReference; lastKnownFileType = sourcecode.cpp.cpp; path = raytracer.cpp; sourceTree = "<group>"; };
		45DD8BC0206172F400BBDABE /* raytracer.h */ = {isa = PBXFileReference; lastKnownFileType = sourcecode.c.h; path = raytracer.h; sourceTree = "<group>"; };
		45DD8BC22061733E00BBDABE /* bmp_io.cpp */ = {isa = PBXFileReference; lastKnownFileType = sourcecode.cpp.cpp; path = bmp_io.cpp; sourceTree = "<group>"; };
		45DD8BC32061733E00BBDABE /* bmp_io.h */ = {isa = PBXFileReference; lastKnownFileType = sourcecode.c.h; path = bmp_io.h; sourceTree = "<group>"; };
		45DD8BC5206173A800BBDABE /* scene_object.cpp */ = {isa = PBXFileReference; lastKnownFileType = sourcecode.cpp.cpp; path = scene_object.cpp; sourceTree = "<group>"; };
		45DD8BC6206173A800BBDABE /* scene_object.h */ = {isa = PBXFileReference; lastKnownFileType = sourcecode.c.h; path = scene_object.h; sourceTree = "<group>"; };
		45DD8BC8206173D900BBDABE /* util.cpp */ = {isa = PBXFileReference; lastKnownFileType = sourcecode.cpp.cpp; path = util.cpp; sourceTree = "<group>"; };
		45DD8BC9206173D900BBDABE /* util.h */ = {isa = PBXFileReference; lastKnownFileType = sourcecode.c.h; path = util.h; sourceTree = "<group>"; };
/* End PBXFileReference section */

/* Begin PBXFrameworksBuildPhase section */
		45DD8BAF2061710C00BBDABE /* Frameworks */ = {
			isa = PBXFrameworksBuildPhase;
			buildActionMask = 2147483647;
			files = (
			);
			runOnlyForDeploymentPostprocessing = 0;
		};
/* End PBXFrameworksBuildPhase section */

/* Begin PBXGroup section */
		45DD8BA92061710C00BBDABE = {
			isa = PBXGroup;
			children = (
				45DD8BB42061710C00BBDABE /* myraytracer */,
				45DD8BB32061710C00BBDABE /* Products */,
			);
			sourceTree = "<group>";
		};
		45DD8BB32061710C00BBDABE /* Products */ = {
			isa = PBXGroup;
			children = (
				45DD8BB22061710C00BBDABE /* myraytracer */,
			);
			name = Products;
			sourceTree = "<group>";
		};
		45DD8BB42061710C00BBDABE /* myraytracer */ = {
			isa = PBXGroup;
			children = (
				45DD8BB52061710C00BBDABE /* main.cpp */,
				45DD8BBC2061729700BBDABE /* light_source.cpp */,
				45DD8BBD2061729700BBDABE /* light_source.h */,
				45DD8BBF206172F400BBDABE /* raytracer.cpp */,
				45DD8BC0206172F400BBDABE /* raytracer.h */,
				45DD8BC22061733E00BBDABE /* bmp_io.cpp */,
				45DD8BC32061733E00BBDABE /* bmp_io.h */,
				45DD8BC5206173A800BBDABE /* scene_object.cpp */,
				45DD8BC6206173A800BBDABE /* scene_object.h */,
				45DD8BC8206173D900BBDABE /* util.cpp */,
				45DD8BC9206173D900BBDABE /* util.h */,
			);
			path = myraytracer;
			sourceTree = "<group>";
		};
/* End PBXGroup section */

/* Begin PBXNativeTarget section */
		45DD8BB12061710C00BBDABE /* myraytracer */ = {
			isa = PBXNativeTarget;
			buildConfigurationList = 45DD8BB92061710C00BBDABE /* Build configuration list for PBXNativeTarget "myraytracer" */;
			buildPhases = (
				45DD8BAE2061710C00BBDABE /* Sources */,
				45DD8BAF2061710C00BBDABE /* Frameworks */,
				45DD8BB02061710C00BBDABE /* CopyFiles */,
			);
			buildRules = (
			);
			dependencies = (
			);
			name = myraytracer;
			productName = myraytracer;
			productReference = 45DD8BB22061710C00BBDABE /* myraytracer */;
			productType = "com.apple.product-type.tool";
		};
/* End PBXNativeTarget section */

/* Begin PBXProject section */
		45DD8BAA2061710C00BBDABE /* Project object */ = {
			isa = PBXProject;
			attributes = {
				LastUpgradeCheck = 0920;
				ORGANIZATIONNAME = "HongYi Tian";
				TargetAttributes = {
					45DD8BB12061710C00BBDABE = {
						CreatedOnToolsVersion = 9.2;
						ProvisioningStyle = Automatic;
					};
				};
			};
			buildConfigurationList = 45DD8BAD2061710C00BBDABE /* Build configuration list for PBXProject "myraytracer" */;
			compatibilityVersion = "Xcode 8.0";
			developmentRegion = en;
			hasScannedForEncodings = 0;
			knownRegions = (
				en,
			);
			mainGroup = 45DD8BA92061710C00BBDABE;
			productRefGroup = 45DD8BB32061710C00BBDABE /* Products */;
			projectDirPath = "";
			projectRoot = "";
			targets = (
				45DD8BB12061710C00BBDABE /* myraytracer */,
			);
		};
/* End PBXProject section */

/* Begin PBXSourcesBuildPhase section */
		45DD8BAE2061710C00BBDABE /* Sources */ = {
			isa = PBXSourcesBuildPhase;
			buildActionMask = 2147483647;
			files = (
				45DD8BB62061710C00BBDABE /* main.cpp in Sources */,
				45DD8BC7206173A800BBDABE /* scene_object.cpp in Sources */,
				45DD8BC42061733E00BBDABE /* bmp_io.cpp in Sources */,
				45DD8BBE2061729700BBDABE /* light_source.cpp in Sources */,
				45DD8BC1206172F400BBDABE /* raytracer.cpp in Sources */,
				45DD8BCA206173D900BBDABE /* util.cpp in Sources */,
			);
			runOnlyForDeploymentPostprocessing = 0;
		};
/* End PBXSourcesBuildPhase section */

/* Begin XCBuildConfiguration section */
		45DD8BB72061710C00BBDABE /* Debug */ = {
			isa = XCBuildConfiguration;
			buildSettings = {
				ALWAYS_SEARCH_USER_PATHS = NO;
				CLANG_ANALYZER_NONNULL = YES;
				CLANG_ANALYZER_NUMBER_OBJECT_CONVERSION = YES_AGGRESSIVE;
				CLANG_CXX_LANGUAGE_STANDARD = "gnu++14";
				CLANG_CXX_LIBRARY = "libc++";
				CLANG_ENABLE_MODULES = YES;
				CLANG_ENABLE_OBJC_ARC = YES;
				CLANG_WARN_BLOCK_CAPTURE_AUTORELEASING = YES;
				CLANG_WARN_BOOL_CONVERSION = YES;
				CLANG_WARN_COMMA = YES;
				CLANG_WARN_CONSTANT_CONVERSION = YES;
				CLANG_WARN_DIRECT_OBJC_ISA_USAGE = YES_ERROR;
				CLANG_WARN_DOCUMENTATION_COMMENTS = YES;
				CLANG_WARN_EMPTY_BODY = YES;
				CLANG_WARN_ENUM_CONVERSION = YES;
				CLANG_WARN_INFINITE_RECURSION = YES;
				CLANG_WARN_INT_CONVERSION = YES;
				CLANG_WARN_NON_LITERAL_NULL_CONVERSION = YES;
				CLANG_WARN_OBJC_LITERAL_CONVERSION = YES;
				CLANG_WARN_OBJC_ROOT_CLASS = YES_ERROR;
				CLANG_WARN_RANGE_LOOP_ANALYSIS = YES;
				CLANG_WARN_STRICT_PROTOTYPES = YES;
				CLANG_WARN_SUSPICIOUS_MOVE = YES;
				CLANG_WARN_UNGUARDED_AVAILABILITY = YES_AGGRESSIVE;
				CLANG_WARN_UNREACHABLE_CODE = YES;
				CLANG_WARN__DUPLICATE_METHOD_MATCH = YES;
				CODE_SIGN_IDENTITY = "-";
				COPY_PHASE_STRIP = NO;
				DEBUG_INFORMATION_FORMAT = dwarf;
				ENABLE_STRICT_OBJC_MSGSEND = YES;
				ENABLE_TESTABILITY = YES;
				GCC_C_LANGUAGE_STANDARD = gnu11;
				GCC_DYNAMIC_NO_PIC = NO;
				GCC_NO_COMMON_BLOCKS = YES;
				GCC_OPTIMIZATION_LEVEL = 0;
				GCC_PREPROCESSOR_DEFINITIONS = (
					"DEBUG=1",
					"$(inherited)",
				);
				GCC_WARN_64_TO_32_BIT_CONVERSION = YES;
				GCC_WARN_ABOUT_RETURN_TYPE = YES_ERROR;
				GCC_WARN_UNDECLARED_SELECTOR = YES;
				GCC_WARN_UNINITIALIZED_AUTOS = YES_AGGRESSIVE;
				GCC_WARN_UNUSED_FUNCTION = YES;
				GCC_WARN_UNUSED_VARIABLE = YES;
				MACOSX_DEPLOYMENT_TARGET = 10.13;
				MTL_ENABLE_DEBUG_INFO = YES;
				ONLY_ACTIVE_ARCH = YES;
				SDKROOT = macosx;
			};
			name = Debug;
		};
		45DD8BB82061710C00BBDABE /* Release */ = {
			isa = XCBuildConfiguration;
			buildSettings = {
				ALWAYS_SEARCH_USER_PATHS = NO;
				CLANG_ANALYZER_NONNULL = YES;
				CLANG_ANALYZER_NUMBER_OBJECT_CONVERSION = YES_AGGRESSIVE;
				CLANG_CXX_LANGUAGE_STANDARD = "gnu++14";
				CLANG_CXX_LIBRARY = "libc++";
				CLANG_ENABLE_MODULES = YES;
				CLANG_ENABLE_OBJC_ARC = YES;
				CLANG_WARN_BLOCK_CAPTURE_AUTORELEASING = YES;
				CLANG_WARN_BOOL_CONVERSION = YES;
				CLANG_WARN_COMMA = YES;
				CLANG_WARN_CONSTANT_CONVERSION = YES;
				CLANG_WARN_DIRECT_OBJC_ISA_USAGE = YES_ERROR;
				CLANG_WARN_DOCUMENTATION_COMMENTS = YES;
				CLANG_WARN_EMPTY_BODY = YES;
				CLANG_WARN_ENUM_CONVERSION = YES;
				CLANG_WARN_INFINITE_RECURSION = YES;
				CLANG_WARN_INT_CONVERSION = YES;
				CLANG_WARN_NON_LITERAL_NULL_CONVERSION = YES;
				CLANG_WARN_OBJC_LITERAL_CONVERSION = YES;
				CLANG_WARN_OBJC_ROOT_CLASS = YES_ERROR;
				CLANG_WARN_RANGE_LOOP_ANALYSIS = YES;
				CLANG_WARN_STRICT_PROTOTYPES = YES;
				CLANG_WARN_SUSPICIOUS_MOVE = YES;
				CLANG_WARN_UNGUARDED_AVAILABILITY = YES_AGGRESSIVE;
				CLANG_WARN_UNREACHABLE_CODE = YES;
				CLANG_WARN__DUPLICATE_METHOD_MATCH = YES;
				CODE_SIGN_IDENTITY = "-";
				COPY_PHASE_STRIP = NO;
				DEBUG_INFORMATION_FORMAT = "dwarf-with-dsym";
				ENABLE_NS_ASSERTIONS = NO;
				ENABLE_STRICT_OBJC_MSGSEND = YES;
				GCC_C_LANGUAGE_STANDARD = gnu11;
				GCC_NO_COMMON_BLOCKS = YES;
				GCC_WARN_64_TO_32_BIT_CONVERSION = YES;
				GCC_WARN_ABOUT_RETURN_TYPE = YES_ERROR;
				GCC_WARN_UNDECLARED_SELECTOR = YES;
				GCC_WARN_UNINITIALIZED_AUTOS = YES_AGGRESSIVE;
				GCC_WARN_UNUSED_FUNCTION = YES;
				GCC_WARN_UNUSED_VARIABLE = YES;
				MACOSX_DEPLOYMENT_TARGET = 10.13;
				MTL_ENABLE_DEBUG_INFO = NO;
				SDKROOT = macosx;
			};
			name = Release;
		};
		45DD8BBA2061710C00BBDABE /* Debug */ = {
			isa = XCBuildConfiguration;
			buildSettings = {
				CODE_SIGN_STYLE = Automatic;
				PRODUCT_NAME = "$(TARGET_NAME)";
			};
			name = Debug;
		};
		45DD8BBB2061710C00BBDABE /* Release */ = {
			isa = XCBuildConfiguration;
			buildSettings = {
				CODE_SIGN_STYLE = Automatic;
				PRODUCT_NAME = "$(TARGET_NAME)";
			};
			name = Release;
		};
/* End XCBuildConfiguration section */

/* Begin XCConfigurationList section */
		45DD8BAD2061710C00BBDABE /* Build configuration list for PBXProject "myraytracer" */ = {
			isa = XCConfigurationList;
			buildConfigurations = (
				45DD8BB72061710C00BBDABE /* Debug */,
				45DD8BB82061710C00BBDABE /* Release */,
			);
			defaultConfigurationIsVisible = 0;
			defaultConfigurationName = Release;
		};
		45DD8BB92061710C00BBDABE /* Build configuration list for PBXNativeTarget "myraytracer" */ = {
			isa = XCConfigurationList;
			buildConfigurations = (
				45DD8BBA2061710C00BBDABE /* Debug */,
				45DD8BBB2061710C00BBDABE /* Release */,
			);
			defaultConfigurationIsVisible = 0;
			defaultConfigurationName = Release;
		};
/* End XCConfigurationList section */
	};
	rootObject = 45DD8BAA2061710C00BBDABE /* Project object */;
}
